
Microsoft Visual Studio Solution File, Format Version 12.00
# Visual Studio Version 17
VisualStudioVersion = 17.3.32721.290
MinimumVisualStudioVersion = 10.0.40219.1
Project("{9A19103F-16F7-4668-BE54-9A1E7A4F7556}") = "ConsoleApp3", "ConsoleApp3\ConsoleApp3.csproj", "{4053783D-1ECC-40BE-A6A0-414CFF36976B}"
EndProject
Project("{9A19103F-16F7-4668-BE54-9A1E7A4F7556}") = "WebApplication1", "..\..\WebApplication1-0722\WebApplication1\WebApplication1.csproj", "{8FEA78E9-07DE-4E25-B2DD-55CB67C1137E}"
EndProject
Global
	GlobalSection(SolutionConfigurationPlatforms) = preSolution
		Debug|Any CPU = Debug|Any CPU
		Release|Any CPU = Release|Any CPU
	EndGlobalSection
	GlobalSection(ProjectConfigurationPlatforms) = postSolution
		{4053783D-1ECC-40BE-A6A0-414CFF36976B}.Debug|Any CPU.ActiveCfg = Debug|Any CPU
		{4053783D-1ECC-40BE-A6A0-414CFF36976B}.Debug|Any CPU.Build.0 = Debug|Any CPU
		{4053783D-1ECC-40BE-A6A0-414CFF36976B}.Release|Any CPU.ActiveCfg = Release|Any CPU
		{4053783D-1ECC-40BE-A6A0-414CFF36976B}.Release|Any CPU.Build.0 = Release|Any CPU
		{8FEA78E9-07DE-4E25-B2DD-55CB67C1137E}.Debug|Any CPU.ActiveCfg = Debug|Any CPU
		{8FEA78E9-07DE-4E25-B2DD-55CB67C1137E}.Debug|Any CPU.Build.0 = Debug|Any CPU
		{8FEA78E9-07DE-4E25-B2DD-55CB67C1137E}.Release|Any CPU.ActiveCfg = Release|Any CPU
		{8FEA78E9-07DE-4E25-B2DD-55CB67C1137E}.Release|Any CPU.Build.0 = Release|Any CPU
	EndGlobalSection
	GlobalSection(SolutionProperties) = preSolution
		HideSolutionNode = FALSE
	EndGlobalSection
	GlobalSection(ExtensibilityGlobals) = postSolution
		SolutionGuid = {9D03620C-04DC-428A-8CAF-7D7550CBDA4C}
	EndGlobalSection
EndGlobal
